// !$*UTF8*$!
{
	archiveVersion = 1;
	classes = {
	};
	objectVersion = 55;
	objects = {

/* Begin PBXBuildFile section */
		10D26AC6424A132D12CF13A2 /* Pods_UberClone.framework in Frameworks */ = {isa = PBXBuildFile; fileRef = E59C4FDE735FFCB85D89B454 /* Pods_UberClone.framework */; };
		F35FA64228EE73270058948D /* AppDelegate.swift in Sources */ = {isa = PBXBuildFile; fileRef = F35FA64128EE73270058948D /* AppDelegate.swift */; };
		F35FA64928EE73270058948D /* Main.storyboard in Resources */ = {isa = PBXBuildFile; fileRef = F35FA64728EE73270058948D /* Main.storyboard */; };
		F35FA64B28EE73280058948D /* Assets.xcassets in Resources */ = {isa = PBXBuildFile; fileRef = F35FA64A28EE73280058948D /* Assets.xcassets */; };
		F35FA64E28EE73280058948D /* LaunchScreen.storyboard in Resources */ = {isa = PBXBuildFile; fileRef = F35FA64C28EE73280058948D /* LaunchScreen.storyboard */; };
		F35FA65B28EE86800058948D /* LoginController.swift in Sources */ = {isa = PBXBuildFile; fileRef = F35FA65A28EE86800058948D /* LoginController.swift */; };
		F35FA65D28EE8B020058948D /* Extensions.swift in Sources */ = {isa = PBXBuildFile; fileRef = F35FA65C28EE8B020058948D /* Extensions.swift */; };
		F35FA65F28EEB99D0058948D /* SignUpController.swift in Sources */ = {isa = PBXBuildFile; fileRef = F35FA65E28EEB99D0058948D /* SignUpController.swift */; };
		F35FA66128EEC2630058948D /* AuthButton.swift in Sources */ = {isa = PBXBuildFile; fileRef = F35FA66028EEC2630058948D /* AuthButton.swift */; };
		F36EC97528F6328600F9D82A /* Service.swift in Sources */ = {isa = PBXBuildFile; fileRef = F36EC97428F6328600F9D82A /* Service.swift */; };
		F36EC97728F63C1A00F9D82A /* User.swift in Sources */ = {isa = PBXBuildFile; fileRef = F36EC97628F63C1A00F9D82A /* User.swift */; };
		F36EC97928F6443A00F9D82A /* LocationHandler.swift in Sources */ = {isa = PBXBuildFile; fileRef = F36EC97828F6443A00F9D82A /* LocationHandler.swift */; };
		F36EC97B28F6597C00F9D82A /* DriverAnnotation.swift in Sources */ = {isa = PBXBuildFile; fileRef = F36EC97A28F6597C00F9D82A /* DriverAnnotation.swift */; };
		F370945828F4FCCC007ABA9B /* GoogleService-Info.plist in Resources */ = {isa = PBXBuildFile; fileRef = F370945728F4FCCC007ABA9B /* GoogleService-Info.plist */; };
		F370945A28F504C8007ABA9B /* HomeController.swift in Sources */ = {isa = PBXBuildFile; fileRef = F370945928F504C8007ABA9B /* HomeController.swift */; };
		F370945C28F529D3007ABA9B /* LocationInputActivationView.swift in Sources */ = {isa = PBXBuildFile; fileRef = F370945B28F529D3007ABA9B /* LocationInputActivationView.swift */; };
		F370945E28F537F1007ABA9B /* LocationInputView.swift in Sources */ = {isa = PBXBuildFile; fileRef = F370945D28F537F1007ABA9B /* LocationInputView.swift */; };
		F370946028F550E8007ABA9B /* LocationCell.swift in Sources */ = {isa = PBXBuildFile; fileRef = F370945F28F550E8007ABA9B /* LocationCell.swift */; };
/* End PBXBuildFile section */

/* Begin PBXFileReference section */
		1ADEBEC7228158FD3CCDE45A /* Pods-UberClone.release.xcconfig */ = {isa = PBXFileReference; includeInIndex = 1; lastKnownFileType = text.xcconfig; name = "Pods-UberClone.release.xcconfig"; path = "Target Support Files/Pods-UberClone/Pods-UberClone.release.xcconfig"; sourceTree = "<group>"; };
		9FF33ED4FA3502EA62B00685 /* Pods-UberClone.debug.xcconfig */ = {isa = PBXFileReference; includeInIndex = 1; lastKnownFileType = text.xcconfig; name = "Pods-UberClone.debug.xcconfig"; path = "Target Support Files/Pods-UberClone/Pods-UberClone.debug.xcconfig"; sourceTree = "<group>"; };
		E59C4FDE735FFCB85D89B454 /* Pods_UberClone.framework */ = {isa = PBXFileReference; explicitFileType = wrapper.framework; includeInIndex = 0; path = Pods_UberClone.framework; sourceTree = BUILT_PRODUCTS_DIR; };
		F35FA63E28EE73270058948D /* UberClone.app */ = {isa = PBXFileReference; explicitFileType = wrapper.application; includeInIndex = 0; path = UberClone.app; sourceTree = BUILT_PRODUCTS_DIR; };
		F35FA64128EE73270058948D /* AppDelegate.swift */ = {isa = PBXFileReference; lastKnownFileType = sourcecode.swift; path = AppDelegate.swift; sourceTree = "<group>"; };
		F35FA64828EE73270058948D /* Base */ = {isa = PBXFileReference; lastKnownFileType = file.storyboard; name = Base; path = Base.lproj/Main.storyboard; sourceTree = "<group>"; };
		F35FA64A28EE73280058948D /* Assets.xcassets */ = {isa = PBXFileReference; lastKnownFileType = folder.assetcatalog; path = Assets.xcassets; sourceTree = "<group>"; };
		F35FA64D28EE73280058948D /* Base */ = {isa = PBXFileReference; lastKnownFileType = file.storyboard; name = Base; path = Base.lproj/LaunchScreen.storyboard; sourceTree = "<group>"; };
		F35FA64F28EE73280058948D /* Info.plist */ = {isa = PBXFileReference; lastKnownFileType = text.plist.xml; path = Info.plist; sourceTree = "<group>"; };
		F35FA65A28EE86800058948D /* LoginController.swift */ = {isa = PBXFileReference; lastKnownFileType = sourcecode.swift; path = LoginController.swift; sourceTree = "<group>"; };
		F35FA65C28EE8B020058948D /* Extensions.swift */ = {isa = PBXFileReference; lastKnownFileType = sourcecode.swift; path = Extensions.swift; sourceTree = "<group>"; };
		F35FA65E28EEB99D0058948D /* SignUpController.swift */ = {isa = PBXFileReference; lastKnownFileType = sourcecode.swift; path = SignUpController.swift; sourceTree = "<group>"; };
		F35FA66028EEC2630058948D /* AuthButton.swift */ = {isa = PBXFileReference; lastKnownFileType = sourcecode.swift; path = AuthButton.swift; sourceTree = "<group>"; };
		F36EC97428F6328600F9D82A /* Service.swift */ = {isa = PBXFileReference; lastKnownFileType = sourcecode.swift; path = Service.swift; sourceTree = "<group>"; };
		F36EC97628F63C1A00F9D82A /* User.swift */ = {isa = PBXFileReference; lastKnownFileType = sourcecode.swift; path = User.swift; sourceTree = "<group>"; };
		F36EC97828F6443A00F9D82A /* LocationHandler.swift */ = {isa = PBXFileReference; lastKnownFileType = sourcecode.swift; path = LocationHandler.swift; sourceTree = "<group>"; };
		F36EC97A28F6597C00F9D82A /* DriverAnnotation.swift */ = {isa = PBXFileReference; lastKnownFileType = sourcecode.swift; path = DriverAnnotation.swift; sourceTree = "<group>"; };
		F370945728F4FCCC007ABA9B /* GoogleService-Info.plist */ = {isa = PBXFileReference; fileEncoding = 4; lastKnownFileType = text.plist.xml; path = "GoogleService-Info.plist"; sourceTree = "<group>"; };
		F370945928F504C8007ABA9B /* HomeController.swift */ = {isa = PBXFileReference; lastKnownFileType = sourcecode.swift; path = HomeController.swift; sourceTree = "<group>"; };
		F370945B28F529D3007ABA9B /* LocationInputActivationView.swift */ = {isa = PBXFileReference; lastKnownFileType = sourcecode.swift; path = LocationInputActivationView.swift; sourceTree = "<group>"; };
		F370945D28F537F1007ABA9B /* LocationInputView.swift */ = {isa = PBXFileReference; lastKnownFileType = sourcecode.swift; path = LocationInputView.swift; sourceTree = "<group>"; };
		F370945F28F550E8007ABA9B /* LocationCell.swift */ = {isa = PBXFileReference; lastKnownFileType = sourcecode.swift; path = LocationCell.swift; sourceTree = "<group>"; };
/* End PBXFileReference section */

/* Begin PBXFrameworksBuildPhase section */
		F35FA63B28EE73270058948D /* Frameworks */ = {
			isa = PBXFrameworksBuildPhase;
			buildActionMask = 2147483647;
			files = (
				10D26AC6424A132D12CF13A2 /* Pods_UberClone.framework in Frameworks */,
			);
			runOnlyForDeploymentPostprocessing = 0;
		};
/* End PBXFrameworksBuildPhase section */

/* Begin PBXGroup section */
		ED7A0B0B8AC2F5828398EF60 /* Pods */ = {
			isa = PBXGroup;
			children = (
				9FF33ED4FA3502EA62B00685 /* Pods-UberClone.debug.xcconfig */,
				1ADEBEC7228158FD3CCDE45A /* Pods-UberClone.release.xcconfig */,
			);
			path = Pods;
			sourceTree = "<group>";
		};
		F35FA63528EE73270058948D = {
			isa = PBXGroup;
			children = (
				F35FA64028EE73270058948D /* UberClone */,
				F35FA63F28EE73270058948D /* Products */,
				ED7A0B0B8AC2F5828398EF60 /* Pods */,
				F3741F3EEB2F696F6467BCCD /* Frameworks */,
			);
			sourceTree = "<group>";
		};
		F35FA63F28EE73270058948D /* Products */ = {
			isa = PBXGroup;
			children = (
				F35FA63E28EE73270058948D /* UberClone.app */,
			);
			name = Products;
			sourceTree = "<group>";
		};
		F35FA64028EE73270058948D /* UberClone */ = {
			isa = PBXGroup;
			children = (
				F35FA65928EE85A80058948D /* Model */,
				F35FA65828EE85A60058948D /* View */,
				F35FA65728EE85A20058948D /* Controller */,
				F35FA65628EE859B0058948D /* Service */,
				F35FA65528EE858A0058948D /* Utils */,
				F35FA64128EE73270058948D /* AppDelegate.swift */,
				F35FA64728EE73270058948D /* Main.storyboard */,
				F35FA64A28EE73280058948D /* Assets.xcassets */,
				F35FA64C28EE73280058948D /* LaunchScreen.storyboard */,
				F370945728F4FCCC007ABA9B /* GoogleService-Info.plist */,
				F35FA64F28EE73280058948D /* Info.plist */,
			);
			path = UberClone;
			sourceTree = "<group>";
		};
		F35FA65528EE858A0058948D /* Utils */ = {
			isa = PBXGroup;
			children = (
				F35FA65C28EE8B020058948D /* Extensions.swift */,
				F36EC97828F6443A00F9D82A /* LocationHandler.swift */,
			);
			path = Utils;
			sourceTree = "<group>";
		};
		F35FA65628EE859B0058948D /* Service */ = {
			isa = PBXGroup;
			children = (
				F36EC97428F6328600F9D82A /* Service.swift */,
			);
			path = Service;
			sourceTree = "<group>";
		};
		F35FA65728EE85A20058948D /* Controller */ = {
			isa = PBXGroup;
			children = (
				F35FA65A28EE86800058948D /* LoginController.swift */,
				F35FA65E28EEB99D0058948D /* SignUpController.swift */,
				F370945928F504C8007ABA9B /* HomeController.swift */,
			);
			path = Controller;
			sourceTree = "<group>";
		};
		F35FA65828EE85A60058948D /* View */ = {
			isa = PBXGroup;
			children = (
				F35FA66028EEC2630058948D /* AuthButton.swift */,
				F370945B28F529D3007ABA9B /* LocationInputActivationView.swift */,
				F370945D28F537F1007ABA9B /* LocationInputView.swift */,
				F370945F28F550E8007ABA9B /* LocationCell.swift */,
			);
			path = View;
			sourceTree = "<group>";
		};
		F35FA65928EE85A80058948D /* Model */ = {
			isa = PBXGroup;
			children = (
				F36EC97628F63C1A00F9D82A /* User.swift */,
				F36EC97A28F6597C00F9D82A /* DriverAnnotation.swift */,
			);
			path = Model;
			sourceTree = "<group>";
		};
		F3741F3EEB2F696F6467BCCD /* Frameworks */ = {
			isa = PBXGroup;
			children = (
				E59C4FDE735FFCB85D89B454 /* Pods_UberClone.framework */,
			);
			name = Frameworks;
			sourceTree = "<group>";
		};
/* End PBXGroup section */

/* Begin PBXNativeTarget section */
		F35FA63D28EE73270058948D /* UberClone */ = {
			isa = PBXNativeTarget;
			buildConfigurationList = F35FA65228EE73280058948D /* Build configuration list for PBXNativeTarget "UberClone" */;
			buildPhases = (
				91C434803DB92E6EEC6FD61D /* [CP] Check Pods Manifest.lock */,
				F35FA63A28EE73270058948D /* Sources */,
				F35FA63B28EE73270058948D /* Frameworks */,
				F35FA63C28EE73270058948D /* Resources */,
				CB3F57412C0326F36EB2FC80 /* [CP] Embed Pods Frameworks */,
			);
			buildRules = (
			);
			dependencies = (
			);
			name = UberClone;
			productName = UberClone;
			productReference = F35FA63E28EE73270058948D /* UberClone.app */;
			productType = "com.apple.product-type.application";
		};
/* End PBXNativeTarget section */

/* Begin PBXProject section */
		F35FA63628EE73270058948D /* Project object */ = {
			isa = PBXProject;
			attributes = {
				BuildIndependentTargetsInParallel = 1;
				LastSwiftUpdateCheck = 1340;
				LastUpgradeCheck = 1340;
				TargetAttributes = {
					F35FA63D28EE73270058948D = {
						CreatedOnToolsVersion = 13.4.1;
					};
				};
			};
			buildConfigurationList = F35FA63928EE73270058948D /* Build configuration list for PBXProject "UberClone" */;
			compatibilityVersion = "Xcode 13.0";
			developmentRegion = en;
			hasScannedForEncodings = 0;
			knownRegions = (
				en,
				Base,
			);
			mainGroup = F35FA63528EE73270058948D;
			productRefGroup = F35FA63F28EE73270058948D /* Products */;
			projectDirPath = "";
			projectRoot = "";
			targets = (
				F35FA63D28EE73270058948D /* UberClone */,
			);
		};
/* End PBXProject section */

/* Begin PBXResourcesBuildPhase section */
		F35FA63C28EE73270058948D /* Resources */ = {
			isa = PBXResourcesBuildPhase;
			buildActionMask = 2147483647;
			files = (
				F35FA64E28EE73280058948D /* LaunchScreen.storyboard in Resources */,
				F35FA64B28EE73280058948D /* Assets.xcassets in Resources */,
				F35FA64928EE73270058948D /* Main.storyboard in Resources */,
				F370945828F4FCCC007ABA9B /* GoogleService-Info.plist in Resources */,
			);
			runOnlyForDeploymentPostprocessing = 0;
		};
/* End PBXResourcesBuildPhase section */

/* Begin PBXShellScriptBuildPhase section */
		91C434803DB92E6EEC6FD61D /* [CP] Check Pods Manifest.lock */ = {
			isa = PBXShellScriptBuildPhase;
			buildActionMask = 2147483647;
			files = (
			);
			inputFileListPaths = (
			);
			inputPaths = (
				"${PODS_PODFILE_DIR_PATH}/Podfile.lock",
				"${PODS_ROOT}/Manifest.lock",
			);
			name = "[CP] Check Pods Manifest.lock";
			outputFileListPaths = (
			);
			outputPaths = (
				"$(DERIVED_FILE_DIR)/Pods-UberClone-checkManifestLockResult.txt",
			);
			runOnlyForDeploymentPostprocessing = 0;
			shellPath = /bin/sh;
			shellScript = "diff \"${PODS_PODFILE_DIR_PATH}/Podfile.lock\" \"${PODS_ROOT}/Manifest.lock\" > /dev/null\nif [ $? != 0 ] ; then\n    # print error to STDERR\n    echo \"error: The sandbox is not in sync with the Podfile.lock. Run 'pod install' or update your CocoaPods installation.\" >&2\n    exit 1\nfi\n# This output is used by Xcode 'outputs' to avoid re-running this script phase.\necho \"SUCCESS\" > \"${SCRIPT_OUTPUT_FILE_0}\"\n";
			showEnvVarsInLog = 0;
		};
		CB3F57412C0326F36EB2FC80 /* [CP] Embed Pods Frameworks */ = {
			isa = PBXShellScriptBuildPhase;
			buildActionMask = 2147483647;
			files = (
			);
			inputFileListPaths = (
				"${PODS_ROOT}/Target Support Files/Pods-UberClone/Pods-UberClone-frameworks-${CONFIGURATION}-input-files.xcfilelist",
			);
			name = "[CP] Embed Pods Frameworks";
			outputFileListPaths = (
				"${PODS_ROOT}/Target Support Files/Pods-UberClone/Pods-UberClone-frameworks-${CONFIGURATION}-output-files.xcfilelist",
			);
			runOnlyForDeploymentPostprocessing = 0;
			shellPath = /bin/sh;
			shellScript = "\"${PODS_ROOT}/Target Support Files/Pods-UberClone/Pods-UberClone-frameworks.sh\"\n";
			showEnvVarsInLog = 0;
		};
/* End PBXShellScriptBuildPhase section */

/* Begin PBXSourcesBuildPhase section */
		F35FA63A28EE73270058948D /* Sources */ = {
			isa = PBXSourcesBuildPhase;
			buildActionMask = 2147483647;
			files = (
				F35FA65B28EE86800058948D /* LoginController.swift in Sources */,
				F35FA66128EEC2630058948D /* AuthButton.swift in Sources */,
				F370945A28F504C8007ABA9B /* HomeController.swift in Sources */,
				F36EC97928F6443A00F9D82A /* LocationHandler.swift in Sources */,
				F36EC97B28F6597C00F9D82A /* DriverAnnotation.swift in Sources */,
				F35FA65D28EE8B020058948D /* Extensions.swift in Sources */,
				F35FA64228EE73270058948D /* AppDelegate.swift in Sources */,
				F370945C28F529D3007ABA9B /* LocationInputActivationView.swift in Sources */,
				F370946028F550E8007ABA9B /* LocationCell.swift in Sources */,
				F36EC97528F6328600F9D82A /* Service.swift in Sources */,
				F370945E28F537F1007ABA9B /* LocationInputView.swift in Sources */,
				F35FA65F28EEB99D0058948D /* SignUpController.swift in Sources */,
				F36EC97728F63C1A00F9D82A /* User.swift in Sources */,
			);
			runOnlyForDeploymentPostprocessing = 0;
		};
/* End PBXSourcesBuildPhase section */

/* Begin PBXVariantGroup section */
		F35FA64728EE73270058948D /* Main.storyboard */ = {
			isa = PBXVariantGroup;
			children = (
				F35FA64828EE73270058948D /* Base */,
			);
			name = Main.storyboard;
			sourceTree = "<group>";
		};
		F35FA64C28EE73280058948D /* LaunchScreen.storyboard */ = {
			isa = PBXVariantGroup;
			children = (
				F35FA64D28EE73280058948D /* Base */,
			);
			name = LaunchScreen.storyboard;
			sourceTree = "<group>";
		};
/* End PBXVariantGroup section */

/* Begin XCBuildConfiguration section */
		F35FA65028EE73280058948D /* Debug */ = {
			isa = XCBuildConfiguration;
			buildSettings = {
				ALWAYS_SEARCH_USER_PATHS = NO;
				CLANG_ANALYZER_NONNULL = YES;
				CLANG_ANALYZER_NUMBER_OBJECT_CONVERSION = YES_AGGRESSIVE;
				CLANG_CXX_LANGUAGE_STANDARD = "gnu++17";
				CLANG_ENABLE_MODULES = YES;
				CLANG_ENABLE_OBJC_ARC = YES;
				CLANG_ENABLE_OBJC_WEAK = YES;
				CLANG_WARN_BLOCK_CAPTURE_AUTORELEASING = YES;
				CLANG_WARN_BOOL_CONVERSION = YES;
				CLANG_WARN_COMMA = YES;
				CLANG_WARN_CONSTANT_CONVERSION = YES;
				CLANG_WARN_DEPRECATED_OBJC_IMPLEMENTATIONS = YES;
				CLANG_WARN_DIRECT_OBJC_ISA_USAGE = YES_ERROR;
				CLANG_WARN_DOCUMENTATION_COMMENTS = YES;
				CLANG_WARN_EMPTY_BODY = YES;
				CLANG_WARN_ENUM_CONVERSION = YES;
				CLANG_WARN_INFINITE_RECURSION = YES;
				CLANG_WARN_INT_CONVERSION = YES;
				CLANG_WARN_NON_LITERAL_NULL_CONVERSION = YES;
				CLANG_WARN_OBJC_IMPLICIT_RETAIN_SELF = YES;
				CLANG_WARN_OBJC_LITERAL_CONVERSION = YES;
				CLANG_WARN_OBJC_ROOT_CLASS = YES_ERROR;
				CLANG_WARN_QUOTED_INCLUDE_IN_FRAMEWORK_HEADER = YES;
				CLANG_WARN_RANGE_LOOP_ANALYSIS = YES;
				CLANG_WARN_STRICT_PROTOTYPES = YES;
				CLANG_WARN_SUSPICIOUS_MOVE = YES;
				CLANG_WARN_UNGUARDED_AVAILABILITY = YES_AGGRESSIVE;
				CLANG_WARN_UNREACHABLE_CODE = YES;
				CLANG_WARN__DUPLICATE_METHOD_MATCH = YES;
				COPY_PHASE_STRIP = NO;
				DEBUG_INFORMATION_FORMAT = dwarf;
				ENABLE_STRICT_OBJC_MSGSEND = YES;
				ENABLE_TESTABILITY = YES;
				GCC_C_LANGUAGE_STANDARD = gnu11;
				GCC_DYNAMIC_NO_PIC = NO;
				GCC_NO_COMMON_BLOCKS = YES;
				GCC_OPTIMIZATION_LEVEL = 0;
				GCC_PREPROCESSOR_DEFINITIONS = (
					"DEBUG=1",
					"$(inherited)",
				);
				GCC_WARN_64_TO_32_BIT_CONVERSION = YES;
				GCC_WARN_ABOUT_RETURN_TYPE = YES_ERROR;
				GCC_WARN_UNDECLARED_SELECTOR = YES;
				GCC_WARN_UNINITIALIZED_AUTOS = YES_AGGRESSIVE;
				GCC_WARN_UNUSED_FUNCTION = YES;
				GCC_WARN_UNUSED_VARIABLE = YES;
				IPHONEOS_DEPLOYMENT_TARGET = 15.5;
				MTL_ENABLE_DEBUG_INFO = INCLUDE_SOURCE;
				MTL_FAST_MATH = YES;
				ONLY_ACTIVE_ARCH = YES;
				SDKROOT = iphoneos;
				SWIFT_ACTIVE_COMPILATION_CONDITIONS = DEBUG;
				SWIFT_OPTIMIZATION_LEVEL = "-Onone";
			};
			name = Debug;
		};
		F35FA65128EE73280058948D /* Release */ = {
			isa = XCBuildConfiguration;
			buildSettings = {
				ALWAYS_SEARCH_USER_PATHS = NO;
				CLANG_ANALYZER_NONNULL = YES;
				CLANG_ANALYZER_NUMBER_OBJECT_CONVERSION = YES_AGGRESSIVE;
				CLANG_CXX_LANGUAGE_STANDARD = "gnu++17";
				CLANG_ENABLE_MODULES = YES;
				CLANG_ENABLE_OBJC_ARC = YES;
				CLANG_ENABLE_OBJC_WEAK = YES;
				CLANG_WARN_BLOCK_CAPTURE_AUTORELEASING = YES;
				CLANG_WARN_BOOL_CONVERSION = YES;
				CLANG_WARN_COMMA = YES;
				CLANG_WARN_CONSTANT_CONVERSION = YES;
				CLANG_WARN_DEPRECATED_OBJC_IMPLEMENTATIONS = YES;
				CLANG_WARN_DIRECT_OBJC_ISA_USAGE = YES_ERROR;
				CLANG_WARN_DOCUMENTATION_COMMENTS = YES;
				CLANG_WARN_EMPTY_BODY = YES;
				CLANG_WARN_ENUM_CONVERSION = YES;
				CLANG_WARN_INFINITE_RECURSION = YES;
				CLANG_WARN_INT_CONVERSION = YES;
				CLANG_WARN_NON_LITERAL_NULL_CONVERSION = YES;
				CLANG_WARN_OBJC_IMPLICIT_RETAIN_SELF = YES;
				CLANG_WARN_OBJC_LITERAL_CONVERSION = YES;
				CLANG_WARN_OBJC_ROOT_CLASS = YES_ERROR;
				CLANG_WARN_QUOTED_INCLUDE_IN_FRAMEWORK_HEADER = YES;
				CLANG_WARN_RANGE_LOOP_ANALYSIS = YES;
				CLANG_WARN_STRICT_PROTOTYPES = YES;
				CLANG_WARN_SUSPICIOUS_MOVE = YES;
				CLANG_WARN_UNGUARDED_AVAILABILITY = YES_AGGRESSIVE;
				CLANG_WARN_UNREACHABLE_CODE = YES;
				CLANG_WARN__DUPLICATE_METHOD_MATCH = YES;
				COPY_PHASE_STRIP = NO;
				DEBUG_INFORMATION_FORMAT = "dwarf-with-dsym";
				ENABLE_NS_ASSERTIONS = NO;
				ENABLE_STRICT_OBJC_MSGSEND = YES;
				GCC_C_LANGUAGE_STANDARD = gnu11;
				GCC_NO_COMMON_BLOCKS = YES;
				GCC_WARN_64_TO_32_BIT_CONVERSION = YES;
				GCC_WARN_ABOUT_RETURN_TYPE = YES_ERROR;
				GCC_WARN_UNDECLARED_SELECTOR = YES;
				GCC_WARN_UNINITIALIZED_AUTOS = YES_AGGRESSIVE;
				GCC_WARN_UNUSED_FUNCTION = YES;
				GCC_WARN_UNUSED_VARIABLE = YES;
				IPHONEOS_DEPLOYMENT_TARGET = 15.5;
				MTL_ENABLE_DEBUG_INFO = NO;
				MTL_FAST_MATH = YES;
				SDKROOT = iphoneos;
				SWIFT_COMPILATION_MODE = wholemodule;
				SWIFT_OPTIMIZATION_LEVEL = "-O";
				VALIDATE_PRODUCT = YES;
			};
			name = Release;
		};
		F35FA65328EE73280058948D /* Debug */ = {
			isa = XCBuildConfiguration;
			baseConfigurationReference = 9FF33ED4FA3502EA62B00685 /* Pods-UberClone.debug.xcconfig */;
			buildSettings = {
				ASSETCATALOG_COMPILER_APPICON_NAME = AppIcon;
				ASSETCATALOG_COMPILER_GLOBAL_ACCENT_COLOR_NAME = AccentColor;
				CODE_SIGN_STYLE = Automatic;
				CURRENT_PROJECT_VERSION = 1;
				DEVELOPMENT_TEAM = U8ZWF5U9ZA;
				GENERATE_INFOPLIST_FILE = YES;
				INFOPLIST_FILE = UberClone/Info.plist;
				INFOPLIST_KEY_UIApplicationSupportsIndirectInputEvents = YES;
				INFOPLIST_KEY_UILaunchStoryboardName = LaunchScreen;
				INFOPLIST_KEY_UIMainStoryboardFile = Main;
				INFOPLIST_KEY_UISupportedInterfaceOrientations_iPad = "UIInterfaceOrientationPortrait UIInterfaceOrientationPortraitUpsideDown UIInterfaceOrientationLandscapeLeft UIInterfaceOrientationLandscapeRight";
				INFOPLIST_KEY_UISupportedInterfaceOrientations_iPhone = "UIInterfaceOrientationPortrait UIInterfaceOrientationLandscapeLeft UIInterfaceOrientationLandscapeRight";
				LD_RUNPATH_SEARCH_PATHS = (
					"$(inherited)",
					"@executable_path/Frameworks",
				);
				MARKETING_VERSION = 1.0;
				PRODUCT_BUNDLE_IDENTIFIER = kr.co.radcns.UberClone;
				PRODUCT_NAME = "$(TARGET_NAME)";
				SWIFT_EMIT_LOC_STRINGS = YES;
				SWIFT_VERSION = 5.0;
				TARGETED_DEVICE_FAMILY = "1,2";
			};
			name = Debug;
		};
		F35FA65428EE73280058948D /* Release */ = {
			isa = XCBuildConfiguration;
			baseConfigurationReference = 1ADEBEC7228158FD3CCDE45A /* Pods-UberClone.release.xcconfig */;
			buildSettings = {
				ASSETCATALOG_COMPILER_APPICON_NAME = AppIcon;
				ASSETCATALOG_COMPILER_GLOBAL_ACCENT_COLOR_NAME = AccentColor;
				CODE_SIGN_STYLE = Automatic;
				CURRENT_PROJECT_VERSION = 1;
				DEVELOPMENT_TEAM = U8ZWF5U9ZA;
				GENERATE_INFOPLIST_FILE = YES;
				INFOPLIST_FILE = UberClone/Info.plist;
				INFOPLIST_KEY_UIApplicationSupportsIndirectInputEvents = YES;
				INFOPLIST_KEY_UILaunchStoryboardName = LaunchScreen;
				INFOPLIST_KEY_UIMainStoryboardFile = Main;
				INFOPLIST_KEY_UISupportedInterfaceOrientations_iPad = "UIInterfaceOrientationPortrait UIInterfaceOrientationPortraitUpsideDown UIInterfaceOrientationLandscapeLeft UIInterfaceOrientationLandscapeRight";
				INFOPLIST_KEY_UISupportedInterfaceOrientations_iPhone = "UIInterfaceOrientationPortrait UIInterfaceOrientationLandscapeLeft UIInterfaceOrientationLandscapeRight";
				LD_RUNPATH_SEARCH_PATHS = (
					"$(inherited)",
					"@executable_path/Frameworks",
				);
				MARKETING_VERSION = 1.0;
				PRODUCT_BUNDLE_IDENTIFIER = kr.co.radcns.UberClone;
				PRODUCT_NAME = "$(TARGET_NAME)";
				SWIFT_EMIT_LOC_STRINGS = YES;
				SWIFT_VERSION = 5.0;
				TARGETED_DEVICE_FAMILY = "1,2";
			};
			name = Release;
		};
/* End XCBuildConfiguration section */

/* Begin XCConfigurationList section */
		F35FA63928EE73270058948D /* Build configuration list for PBXProject "UberClone" */ = {
			isa = XCConfigurationList;
			buildConfigurations = (
				F35FA65028EE73280058948D /* Debug */,
				F35FA65128EE73280058948D /* Release */,
			);
			defaultConfigurationIsVisible = 0;
			defaultConfigurationName = Release;
		};
		F35FA65228EE73280058948D /* Build configuration list for PBXNativeTarget "UberClone" */ = {
			isa = XCConfigurationList;
			buildConfigurations = (
				F35FA65328EE73280058948D /* Debug */,
				F35FA65428EE73280058948D /* Release */,
			);
			defaultConfigurationIsVisible = 0;
			defaultConfigurationName = Release;
		};
/* End XCConfigurationList section */
	};
	rootObject = F35FA63628EE73270058948D /* Project object */;
}
